{
  "originHash" : "78cfa91ed55eb95851d5c27d353de9375ecd31460b5679ca1046879cf24374b3",
  "pins" : [
    {
      "identity" : "sfsafesymbols",
      "kind" : "remoteSourceControl",
      "location" : "https://github.com/SFSafeSymbols/SFSafeSymbols.git",
      "state" : {
        "revision" : "e01b3d4f861412f8dcee8d93c417d2c2b0cdfd77",
        "version" : "7.0.0"
      }
    }
  ],
  "version" : 3
}
