{
  "originHash" : "491ac630bb66553f5004a26c7fac68ef30ef8ab8848ac0a7359e71d19813ee50",
  "pins" : [
    {
      "identity" : "sfsafesymbols",
      "kind" : "remoteSourceControl",
      "location" : "https://github.com/SFSafeSymbols/SFSafeSymbols.git",
      "state" : {
        "revision" : "e2e28f4e56e1769c2ec3c61c9355fc64eb7a535a",
        "version" : "5.3.0"
      }
    },
    {
      "identity" : "swiftui-introspect",
      "kind" : "remoteSourceControl",
      "location" : "https://github.com/siteline/swiftui-introspect.git",
      "state" : {
        "revision" : "807f73ce09a9b9723f12385e592b4e0aaebd3336",
        "version" : "1.3.0"
      }
    },
    {
      "identity" : "swiftuix",
      "kind" : "remoteSourceControl",
      "location" : "https://github.com/SwiftUIX/SwiftUIX",
      "state" : {
        "revision" : "cdc902f828e8c457f601e744cc7607148dcdb91a",
        "version" : "0.2.2"
      }
    }
  ],
  "version" : 3
}
